# THIS IS AN AUTOGENERATED FILE. DO NOT EDIT THIS FILE DIRECTLY.
# yarn lockfile v1


ky@^1.6.0:
  version "1.6.0"
  resolved "https://registry.yarnpkg.com/ky/-/ky-1.6.0.tgz#7602bffb90623dd128831e9b3360b898eb07cbd8"
  integrity sha512-MG7hlH26oShC4Lysk5TYzXshHLfEY52IJ0ofOeCsifquqTymbXCSTx+g4rXO30XYxoM6Y1ed5pNnpULe9Rx19A==
